<?xml version="1.0" encoding="utf-8"?>
<Project ToolsVersion="4.0" xmlns="http://schemas.microsoft.com/developer/msbuild/2003">
  <ItemGroup>
    <ClCompile Include="CreateAndControlMultipleDrones.cpp" />
    <ClCompile Include="GageDrone.cpp" />
  </ItemGroup>
  <ItemGroup>
    <ClInclude Include="GageDrone.hpp" />
    <ClInclude Include="Point.hpp" />
  </ItemGroup>
  <ItemGroup>
    <Text Include="Test1.txt" />
  </ItemGroup>
</Project>